// !$*UTF8*$!
{
	archiveVersion = 1;
	classes = {
	};
	objectVersion = 51;
	objects = {

/* Begin PBXBuildFile section */
		388B48988F2E9A23A4CEB773 /* Pods_Parstagram.framework in Frameworks */ = {isa = PBXBuildFile; fileRef = C3A23F379BD021CA00BBDEF2 /* Pods_Parstagram.framework */; };
		F4100E1F25DA08FF001840B1 /* CommentCell.swift in Sources */ = {isa = PBXBuildFile; fileRef = F4100E1E25DA08FF001840B1 /* CommentCell.swift */; };
		F416587A25D0891A00CB3FCF /* AppDelegate.swift in Sources */ = {isa = PBXBuildFile; fileRef = F416587925D0891A00CB3FCF /* AppDelegate.swift */; };
		F416587C25D0891A00CB3FCF /* SceneDelegate.swift in Sources */ = {isa = PBXBuildFile; fileRef = F416587B25D0891A00CB3FCF /* SceneDelegate.swift */; };
		F416588125D0891A00CB3FCF /* Main.storyboard in Resources */ = {isa = PBXBuildFile; fileRef = F416587F25D0891A00CB3FCF /* Main.storyboard */; };
		F416588325D0891C00CB3FCF /* Assets.xcassets in Resources */ = {isa = PBXBuildFile; fileRef = F416588225D0891C00CB3FCF /* Assets.xcassets */; };
		F416588625D0891C00CB3FCF /* LaunchScreen.storyboard in Resources */ = {isa = PBXBuildFile; fileRef = F416588425D0891C00CB3FCF /* LaunchScreen.storyboard */; };
		F416589825D08AF800CB3FCF /* LoginViewController.swift in Sources */ = {isa = PBXBuildFile; fileRef = F416589725D08AF800CB3FCF /* LoginViewController.swift */; };
		F416589C25D08B0700CB3FCF /* FeedViewController.swift in Sources */ = {isa = PBXBuildFile; fileRef = F416589B25D08B0700CB3FCF /* FeedViewController.swift */; };
		F4C41FE325D09C6A0042B5C1 /* CameraViewController.swift in Sources */ = {isa = PBXBuildFile; fileRef = F4C41FE225D09C6A0042B5C1 /* CameraViewController.swift */; };
		F4C41FF825D0AE2B0042B5C1 /* PostCell.swift in Sources */ = {isa = PBXBuildFile; fileRef = F4C41FF725D0AE2B0042B5C1 /* PostCell.swift */; };
/* End PBXBuildFile section */

/* Begin PBXFileReference section */
		67DA6F019CBAA64F9EEE4431 /* Pods-Parstagram.debug.xcconfig */ = {isa = PBXFileReference; includeInIndex = 1; lastKnownFileType = text.xcconfig; name = "Pods-Parstagram.debug.xcconfig"; path = "Target Support Files/Pods-Parstagram/Pods-Parstagram.debug.xcconfig"; sourceTree = "<group>"; };
		AD05AE2DEADDB659D5529F53 /* Pods-Parstagram.release.xcconfig */ = {isa = PBXFileReference; includeInIndex = 1; lastKnownFileType = text.xcconfig; name = "Pods-Parstagram.release.xcconfig"; path = "Target Support Files/Pods-Parstagram/Pods-Parstagram.release.xcconfig"; sourceTree = "<group>"; };
		C3A23F379BD021CA00BBDEF2 /* Pods_Parstagram.framework */ = {isa = PBXFileReference; explicitFileType = wrapper.framework; includeInIndex = 0; path = Pods_Parstagram.framework; sourceTree = BUILT_PRODUCTS_DIR; };
		F4100E1E25DA08FF001840B1 /* CommentCell.swift */ = {isa = PBXFileReference; lastKnownFileType = sourcecode.swift; path = CommentCell.swift; sourceTree = "<group>"; };
		F416587625D0891A00CB3FCF /* Parstagram.app */ = {isa = PBXFileReference; explicitFileType = wrapper.application; includeInIndex = 0; path = Parstagram.app; sourceTree = BUILT_PRODUCTS_DIR; };
		F416587925D0891A00CB3FCF /* AppDelegate.swift */ = {isa = PBXFileReference; lastKnownFileType = sourcecode.swift; path = AppDelegate.swift; sourceTree = "<group>"; };
		F416587B25D0891A00CB3FCF /* SceneDelegate.swift */ = {isa = PBXFileReference; lastKnownFileType = sourcecode.swift; path = SceneDelegate.swift; sourceTree = "<group>"; };
		F416588025D0891A00CB3FCF /* Base */ = {isa = PBXFileReference; lastKnownFileType = file.storyboard; name = Base; path = Base.lproj/Main.storyboard; sourceTree = "<group>"; };
		F416588225D0891C00CB3FCF /* Assets.xcassets */ = {isa = PBXFileReference; lastKnownFileType = folder.assetcatalog; path = Assets.xcassets; sourceTree = "<group>"; };
		F416588525D0891C00CB3FCF /* Base */ = {isa = PBXFileReference; lastKnownFileType = file.storyboard; name = Base; path = Base.lproj/LaunchScreen.storyboard; sourceTree = "<group>"; };
		F416588725D0891C00CB3FCF /* Info.plist */ = {isa = PBXFileReference; lastKnownFileType = text.plist.xml; path = Info.plist; sourceTree = "<group>"; };
		F416589725D08AF800CB3FCF /* LoginViewController.swift */ = {isa = PBXFileReference; lastKnownFileType = sourcecode.swift; path = LoginViewController.swift; sourceTree = "<group>"; };
		F416589B25D08B0700CB3FCF /* FeedViewController.swift */ = {isa = PBXFileReference; lastKnownFileType = sourcecode.swift; path = FeedViewController.swift; sourceTree = "<group>"; };
		F4C41FE225D09C6A0042B5C1 /* CameraViewController.swift */ = {isa = PBXFileReference; lastKnownFileType = sourcecode.swift; path = CameraViewController.swift; sourceTree = "<group>"; };
		F4C41FF725D0AE2B0042B5C1 /* PostCell.swift */ = {isa = PBXFileReference; lastKnownFileType = sourcecode.swift; path = PostCell.swift; sourceTree = "<group>"; };
/* End PBXFileReference section */

/* Begin PBXFrameworksBuildPhase section */
		F416587325D0891A00CB3FCF /* Frameworks */ = {
			isa = PBXFrameworksBuildPhase;
			buildActionMask = 2147483647;
			files = (
				388B48988F2E9A23A4CEB773 /* Pods_Parstagram.framework in Frameworks */,
			);
			runOnlyForDeploymentPostprocessing = 0;
		};
/* End PBXFrameworksBuildPhase section */

/* Begin PBXGroup section */
		3DF2861B1885F46B94A6BB71 /* Frameworks */ = {
			isa = PBXGroup;
			children = (
				C3A23F379BD021CA00BBDEF2 /* Pods_Parstagram.framework */,
			);
			name = Frameworks;
			sourceTree = "<group>";
		};
		F294173751E3BD5A7AA5ED09 /* Pods */ = {
			isa = PBXGroup;
			children = (
				67DA6F019CBAA64F9EEE4431 /* Pods-Parstagram.debug.xcconfig */,
				AD05AE2DEADDB659D5529F53 /* Pods-Parstagram.release.xcconfig */,
			);
			path = Pods;
			sourceTree = "<group>";
		};
		F416586D25D0891A00CB3FCF = {
			isa = PBXGroup;
			children = (
				F416587825D0891A00CB3FCF /* Parstagram */,
				F416587725D0891A00CB3FCF /* Products */,
				F294173751E3BD5A7AA5ED09 /* Pods */,
				3DF2861B1885F46B94A6BB71 /* Frameworks */,
			);
			sourceTree = "<group>";
		};
		F416587725D0891A00CB3FCF /* Products */ = {
			isa = PBXGroup;
			children = (
				F416587625D0891A00CB3FCF /* Parstagram.app */,
			);
			name = Products;
			sourceTree = "<group>";
		};
		F416587825D0891A00CB3FCF /* Parstagram */ = {
			isa = PBXGroup;
			children = (
				F416587925D0891A00CB3FCF /* AppDelegate.swift */,
				F416587B25D0891A00CB3FCF /* SceneDelegate.swift */,
				F416589E25D08B0F00CB3FCF /* View Controllers */,
				F4C41FFA25D0AE340042B5C1 /* Cell */,
				F416589F25D08DA600CB3FCF /* Views */,
				F416588225D0891C00CB3FCF /* Assets.xcassets */,
				F416588725D0891C00CB3FCF /* Info.plist */,
			);
			path = Parstagram;
			sourceTree = "<group>";
		};
		F416589E25D08B0F00CB3FCF /* View Controllers */ = {
			isa = PBXGroup;
			children = (
				F416589725D08AF800CB3FCF /* LoginViewController.swift */,
				F416589B25D08B0700CB3FCF /* FeedViewController.swift */,
				F4C41FE225D09C6A0042B5C1 /* CameraViewController.swift */,
			);
			path = "View Controllers";
			sourceTree = "<group>";
		};
		F416589F25D08DA600CB3FCF /* Views */ = {
			isa = PBXGroup;
			children = (
				F416587F25D0891A00CB3FCF /* Main.storyboard */,
				F416588425D0891C00CB3FCF /* LaunchScreen.storyboard */,
			);
			path = Views;
			sourceTree = "<group>";
		};
		F4C41FFA25D0AE340042B5C1 /* Cell */ = {
			isa = PBXGroup;
			children = (
				F4C41FF725D0AE2B0042B5C1 /* PostCell.swift */,
				F4100E1E25DA08FF001840B1 /* CommentCell.swift */,
			);
			path = Cell;
			sourceTree = "<group>";
		};
/* End PBXGroup section */

/* Begin PBXNativeTarget section */
		F416587525D0891A00CB3FCF /* Parstagram */ = {
			isa = PBXNativeTarget;
			buildConfigurationList = F416588A25D0891C00CB3FCF /* Build configuration list for PBXNativeTarget "Parstagram" */;
			buildPhases = (
				9308CD78ACE52EBAF0D46404 /* [CP] Check Pods Manifest.lock */,
				F416587225D0891A00CB3FCF /* Sources */,
				F416587325D0891A00CB3FCF /* Frameworks */,
				F416587425D0891A00CB3FCF /* Resources */,
				BF5224DD79C614957A53F513 /* [CP] Embed Pods Frameworks */,
			);
			buildRules = (
			);
			dependencies = (
			);
			name = Parstagram;
			productName = Parstagram;
			productReference = F416587625D0891A00CB3FCF /* Parstagram.app */;
			productType = "com.apple.product-type.application";
		};
/* End PBXNativeTarget section */

/* Begin PBXProject section */
		F416586E25D0891A00CB3FCF /* Project object */ = {
			isa = PBXProject;
			attributes = {
				LastSwiftUpdateCheck = 1240;
				LastUpgradeCheck = 1240;
				TargetAttributes = {
					F416587525D0891A00CB3FCF = {
						CreatedOnToolsVersion = 12.4;
					};
				};
			};
			buildConfigurationList = F416587125D0891A00CB3FCF /* Build configuration list for PBXProject "Parstagram" */;
			compatibilityVersion = "Xcode 9.3";
			developmentRegion = en;
			hasScannedForEncodings = 0;
			knownRegions = (
				en,
				Base,
			);
			mainGroup = F416586D25D0891A00CB3FCF;
			productRefGroup = F416587725D0891A00CB3FCF /* Products */;
			projectDirPath = "";
			projectRoot = "";
			targets = (
				F416587525D0891A00CB3FCF /* Parstagram */,
			);
		};
/* End PBXProject section */

/* Begin PBXResourcesBuildPhase section */
		F416587425D0891A00CB3FCF /* Resources */ = {
			isa = PBXResourcesBuildPhase;
			buildActionMask = 2147483647;
			files = (
				F416588625D0891C00CB3FCF /* LaunchScreen.storyboard in Resources */,
				F416588325D0891C00CB3FCF /* Assets.xcassets in Resources */,
				F416588125D0891A00CB3FCF /* Main.storyboard in Resources */,
			);
			runOnlyForDeploymentPostprocessing = 0;
		};
/* End PBXResourcesBuildPhase section */

/* Begin PBXShellScriptBuildPhase section */
		9308CD78ACE52EBAF0D46404 /* [CP] Check Pods Manifest.lock */ = {
			isa = PBXShellScriptBuildPhase;
			buildActionMask = 2147483647;
			files = (
			);
			inputFileListPaths = (
			);
			inputPaths = (
				"${PODS_PODFILE_DIR_PATH}/Podfile.lock",
				"${PODS_ROOT}/Manifest.lock",
			);
			name = "[CP] Check Pods Manifest.lock";
			outputFileListPaths = (
			);
			outputPaths = (
				"$(DERIVED_FILE_DIR)/Pods-Parstagram-checkManifestLockResult.txt",
			);
			runOnlyForDeploymentPostprocessing = 0;
			shellPath = /bin/sh;
			shellScript = "diff \"${PODS_PODFILE_DIR_PATH}/Podfile.lock\" \"${PODS_ROOT}/Manifest.lock\" > /dev/null\nif [ $? != 0 ] ; then\n    # print error to STDERR\n    echo \"error: The sandbox is not in sync with the Podfile.lock. Run 'pod install' or update your CocoaPods installation.\" >&2\n    exit 1\nfi\n# This output is used by Xcode 'outputs' to avoid re-running this script phase.\necho \"SUCCESS\" > \"${SCRIPT_OUTPUT_FILE_0}\"\n";
			showEnvVarsInLog = 0;
		};
		BF5224DD79C614957A53F513 /* [CP] Embed Pods Frameworks */ = {
			isa = PBXShellScriptBuildPhase;
			buildActionMask = 2147483647;
			files = (
			);
			inputFileListPaths = (
				"${PODS_ROOT}/Target Support Files/Pods-Parstagram/Pods-Parstagram-frameworks-${CONFIGURATION}-input-files.xcfilelist",
			);
			name = "[CP] Embed Pods Frameworks";
			outputFileListPaths = (
				"${PODS_ROOT}/Target Support Files/Pods-Parstagram/Pods-Parstagram-frameworks-${CONFIGURATION}-output-files.xcfilelist",
			);
			runOnlyForDeploymentPostprocessing = 0;
			shellPath = /bin/sh;
			shellScript = "\"${PODS_ROOT}/Target Support Files/Pods-Parstagram/Pods-Parstagram-frameworks.sh\"\n";
			showEnvVarsInLog = 0;
		};
/* End PBXShellScriptBuildPhase section */

/* Begin PBXSourcesBuildPhase section */
		F416587225D0891A00CB3FCF /* Sources */ = {
			isa = PBXSourcesBuildPhase;
			buildActionMask = 2147483647;
			files = (
				F416589825D08AF800CB3FCF /* LoginViewController.swift in Sources */,
				F4C41FE325D09C6A0042B5C1 /* CameraViewController.swift in Sources */,
				F416587A25D0891A00CB3FCF /* AppDelegate.swift in Sources */,
				F416589C25D08B0700CB3FCF /* FeedViewController.swift in Sources */,
				F416587C25D0891A00CB3FCF /* SceneDelegate.swift in Sources */,
				F4C41FF825D0AE2B0042B5C1 /* PostCell.swift in Sources */,
				F4100E1F25DA08FF001840B1 /* CommentCell.swift in Sources */,
			);
			runOnlyForDeploymentPostprocessing = 0;
		};
/* End PBXSourcesBuildPhase section */

/* Begin PBXVariantGroup section */
		F416587F25D0891A00CB3FCF /* Main.storyboard */ = {
			isa = PBXVariantGroup;
			children = (
				F416588025D0891A00CB3FCF /* Base */,
			);
			name = Main.storyboard;
			sourceTree = "<group>";
		};
		F416588425D0891C00CB3FCF /* LaunchScreen.storyboard */ = {
			isa = PBXVariantGroup;
			children = (
				F416588525D0891C00CB3FCF /* Base */,
			);
			name = LaunchScreen.storyboard;
			sourceTree = "<group>";
		};
/* End PBXVariantGroup section */

/* Begin XCBuildConfiguration section */
		F416588825D0891C00CB3FCF /* Debug */ = {
			isa = XCBuildConfiguration;
			buildSettings = {
				ALWAYS_SEARCH_USER_PATHS = NO;
				CLANG_ANALYZER_NONNULL = YES;
				CLANG_ANALYZER_NUMBER_OBJECT_CONVERSION = YES_AGGRESSIVE;
				CLANG_CXX_LANGUAGE_STANDARD = "gnu++14";
				CLANG_CXX_LIBRARY = "libc++";
				CLANG_ENABLE_MODULES = YES;
				CLANG_ENABLE_OBJC_ARC = YES;
				CLANG_ENABLE_OBJC_WEAK = YES;
				CLANG_WARN_BLOCK_CAPTURE_AUTORELEASING = YES;
				CLANG_WARN_BOOL_CONVERSION = YES;
				CLANG_WARN_COMMA = YES;
				CLANG_WARN_CONSTANT_CONVERSION = YES;
				CLANG_WARN_DEPRECATED_OBJC_IMPLEMENTATIONS = YES;
				CLANG_WARN_DIRECT_OBJC_ISA_USAGE = YES_ERROR;
				CLANG_WARN_DOCUMENTATION_COMMENTS = YES;
				CLANG_WARN_EMPTY_BODY = YES;
				CLANG_WARN_ENUM_CONVERSION = YES;
				CLANG_WARN_INFINITE_RECURSION = YES;
				CLANG_WARN_INT_CONVERSION = YES;
				CLANG_WARN_NON_LITERAL_NULL_CONVERSION = YES;
				CLANG_WARN_OBJC_IMPLICIT_RETAIN_SELF = YES;
				CLANG_WARN_OBJC_LITERAL_CONVERSION = YES;
				CLANG_WARN_OBJC_ROOT_CLASS = YES_ERROR;
				CLANG_WARN_QUOTED_INCLUDE_IN_FRAMEWORK_HEADER = YES;
				CLANG_WARN_RANGE_LOOP_ANALYSIS = YES;
				CLANG_WARN_STRICT_PROTOTYPES = YES;
				CLANG_WARN_SUSPICIOUS_MOVE = YES;
				CLANG_WARN_UNGUARDED_AVAILABILITY = YES_AGGRESSIVE;
				CLANG_WARN_UNREACHABLE_CODE = YES;
				CLANG_WARN__DUPLICATE_METHOD_MATCH = YES;
				COPY_PHASE_STRIP = NO;
				DEBUG_INFORMATION_FORMAT = dwarf;
				ENABLE_STRICT_OBJC_MSGSEND = YES;
				ENABLE_TESTABILITY = YES;
				GCC_C_LANGUAGE_STANDARD = gnu11;
				GCC_DYNAMIC_NO_PIC = NO;
				GCC_NO_COMMON_BLOCKS = YES;
				GCC_OPTIMIZATION_LEVEL = 0;
				GCC_PREPROCESSOR_DEFINITIONS = (
					"DEBUG=1",
					"$(inherited)",
				);
				GCC_WARN_64_TO_32_BIT_CONVERSION = YES;
				GCC_WARN_ABOUT_RETURN_TYPE = YES_ERROR;
				GCC_WARN_UNDECLARED_SELECTOR = YES;
				GCC_WARN_UNINITIALIZED_AUTOS = YES_AGGRESSIVE;
				GCC_WARN_UNUSED_FUNCTION = YES;
				GCC_WARN_UNUSED_VARIABLE = YES;
				IPHONEOS_DEPLOYMENT_TARGET = 14.4;
				MTL_ENABLE_DEBUG_INFO = INCLUDE_SOURCE;
				MTL_FAST_MATH = YES;
				ONLY_ACTIVE_ARCH = YES;
				SDKROOT = iphoneos;
				SWIFT_ACTIVE_COMPILATION_CONDITIONS = DEBUG;
				SWIFT_OPTIMIZATION_LEVEL = "-Onone";
			};
			name = Debug;
		};
		F416588925D0891C00CB3FCF /* Release */ = {
			isa = XCBuildConfiguration;
			buildSettings = {
				ALWAYS_SEARCH_USER_PATHS = NO;
				CLANG_ANALYZER_NONNULL = YES;
				CLANG_ANALYZER_NUMBER_OBJECT_CONVERSION = YES_AGGRESSIVE;
				CLANG_CXX_LANGUAGE_STANDARD = "gnu++14";
				CLANG_CXX_LIBRARY = "libc++";
				CLANG_ENABLE_MODULES = YES;
				CLANG_ENABLE_OBJC_ARC = YES;
				CLANG_ENABLE_OBJC_WEAK = YES;
				CLANG_WARN_BLOCK_CAPTURE_AUTORELEASING = YES;
				CLANG_WARN_BOOL_CONVERSION = YES;
				CLANG_WARN_COMMA = YES;
				CLANG_WARN_CONSTANT_CONVERSION = YES;
				CLANG_WARN_DEPRECATED_OBJC_IMPLEMENTATIONS = YES;
				CLANG_WARN_DIRECT_OBJC_ISA_USAGE = YES_ERROR;
				CLANG_WARN_DOCUMENTATION_COMMENTS = YES;
				CLANG_WARN_EMPTY_BODY = YES;
				CLANG_WARN_ENUM_CONVERSION = YES;
				CLANG_WARN_INFINITE_RECURSION = YES;
				CLANG_WARN_INT_CONVERSION = YES;
				CLANG_WARN_NON_LITERAL_NULL_CONVERSION = YES;
				CLANG_WARN_OBJC_IMPLICIT_RETAIN_SELF = YES;
				CLANG_WARN_OBJC_LITERAL_CONVERSION = YES;
				CLANG_WARN_OBJC_ROOT_CLASS = YES_ERROR;
				CLANG_WARN_QUOTED_INCLUDE_IN_FRAMEWORK_HEADER = YES;
				CLANG_WARN_RANGE_LOOP_ANALYSIS = YES;
				CLANG_WARN_STRICT_PROTOTYPES = YES;
				CLANG_WARN_SUSPICIOUS_MOVE = YES;
				CLANG_WARN_UNGUARDED_AVAILABILITY = YES_AGGRESSIVE;
				CLANG_WARN_UNREACHABLE_CODE = YES;
				CLANG_WARN__DUPLICATE_METHOD_MATCH = YES;
				COPY_PHASE_STRIP = NO;
				DEBUG_INFORMATION_FORMAT = "dwarf-with-dsym";
				ENABLE_NS_ASSERTIONS = NO;
				ENABLE_STRICT_OBJC_MSGSEND = YES;
				GCC_C_LANGUAGE_STANDARD = gnu11;
				GCC_NO_COMMON_BLOCKS = YES;
				GCC_WARN_64_TO_32_BIT_CONVERSION = YES;
				GCC_WARN_ABOUT_RETURN_TYPE = YES_ERROR;
				GCC_WARN_UNDECLARED_SELECTOR = YES;
				GCC_WARN_UNINITIALIZED_AUTOS = YES_AGGRESSIVE;
				GCC_WARN_UNUSED_FUNCTION = YES;
				GCC_WARN_UNUSED_VARIABLE = YES;
				IPHONEOS_DEPLOYMENT_TARGET = 14.4;
				MTL_ENABLE_DEBUG_INFO = NO;
				MTL_FAST_MATH = YES;
				SDKROOT = iphoneos;
				SWIFT_COMPILATION_MODE = wholemodule;
				SWIFT_OPTIMIZATION_LEVEL = "-O";
				VALIDATE_PRODUCT = YES;
			};
			name = Release;
		};
		F416588B25D0891C00CB3FCF /* Debug */ = {
			isa = XCBuildConfiguration;
			baseConfigurationReference = 67DA6F019CBAA64F9EEE4431 /* Pods-Parstagram.debug.xcconfig */;
			buildSettings = {
				ASSETCATALOG_COMPILER_APPICON_NAME = AppIcon;
				ASSETCATALOG_COMPILER_GLOBAL_ACCENT_COLOR_NAME = AccentColor;
				CODE_SIGN_STYLE = Automatic;
				DEVELOPMENT_TEAM = WMFKF24VVS;
				INFOPLIST_FILE = Parstagram/Info.plist;
				LD_RUNPATH_SEARCH_PATHS = (
					"$(inherited)",
					"@executable_path/Frameworks",
				);
				PRODUCT_BUNDLE_IDENTIFIER = com.shengyuanlu.Parstagram;
				PRODUCT_NAME = "$(TARGET_NAME)";
				SWIFT_VERSION = 5.0;
				TARGETED_DEVICE_FAMILY = "1,2";
			};
			name = Debug;
		};
		F416588C25D0891C00CB3FCF /* Release */ = {
			isa = XCBuildConfiguration;
			baseConfigurationReference = AD05AE2DEADDB659D5529F53 /* Pods-Parstagram.release.xcconfig */;
			buildSettings = {
				ASSETCATALOG_COMPILER_APPICON_NAME = AppIcon;
				ASSETCATALOG_COMPILER_GLOBAL_ACCENT_COLOR_NAME = AccentColor;
				CODE_SIGN_STYLE = Automatic;
				DEVELOPMENT_TEAM = WMFKF24VVS;
				INFOPLIST_FILE = Parstagram/Info.plist;
				LD_RUNPATH_SEARCH_PATHS = (
					"$(inherited)",
					"@executable_path/Frameworks",
				);
				PRODUCT_BUNDLE_IDENTIFIER = com.shengyuanlu.Parstagram;
				PRODUCT_NAME = "$(TARGET_NAME)";
				SWIFT_VERSION = 5.0;
				TARGETED_DEVICE_FAMILY = "1,2";
			};
			name = Release;
		};
/* End XCBuildConfiguration section */

/* Begin XCConfigurationList section */
		F416587125D0891A00CB3FCF /* Build configuration list for PBXProject "Parstagram" */ = {
			isa = XCConfigurationList;
			buildConfigurations = (
				F416588825D0891C00CB3FCF /* Debug */,
				F416588925D0891C00CB3FCF /* Release */,
			);
			defaultConfigurationIsVisible = 0;
			defaultConfigurationName = Release;
		};
		F416588A25D0891C00CB3FCF /* Build configuration list for PBXNativeTarget "Parstagram" */ = {
			isa = XCConfigurationList;
			buildConfigurations = (
				F416588B25D0891C00CB3FCF /* Debug */,
				F416588C25D0891C00CB3FCF /* Release */,
			);
			defaultConfigurationIsVisible = 0;
			defaultConfigurationName = Release;
		};
/* End XCConfigurationList section */
	};
	rootObject = F416586E25D0891A00CB3FCF /* Project object */;
}
